// !$*UTF8*$!
{
	archiveVersion = 1;
	classes = {
	};
	objectVersion = 46;
	objects = {

/* Begin PBXBuildFile section */
		9B8455715B61433FCD5D8103 /* Pods_Loop.framework in Frameworks */ = {isa = PBXBuildFile; fileRef = 70ED5293195310F1BE8EC4E7 /* Pods_Loop.framework */; };
		D837A43B1EEE7850005FD60F /* AppController.swift in Sources */ = {isa = PBXBuildFile; fileRef = D837A43A1EEE7850005FD60F /* AppController.swift */; };
		D837A43E1EEE8348005FD60F /* MapViewController.swift in Sources */ = {isa = PBXBuildFile; fileRef = D837A43D1EEE8348005FD60F /* MapViewController.swift */; };
		D837A4401EEE83C1005FD60F /* MapKit.framework in Frameworks */ = {isa = PBXBuildFile; fileRef = D837A43F1EEE83C1005FD60F /* MapKit.framework */; };
		D837A4421EEE8478005FD60F /* EventListViewController.swift in Sources */ = {isa = PBXBuildFile; fileRef = D837A4411EEE8478005FD60F /* EventListViewController.swift */; };
		D85B12CB1EED1B8C00355511 /* LoopStorage.swift in Sources */ = {isa = PBXBuildFile; fileRef = D85B12CA1EED1B8C00355511 /* LoopStorage.swift */; };
		D85B12CF1EED3A5600355511 /* LoopDB.xcdatamodeld in Sources */ = {isa = PBXBuildFile; fileRef = D85B12CD1EED3A5600355511 /* LoopDB.xcdatamodeld */; };
		D85B12D61EED51FD00355511 /* LoopDB.swift in Sources */ = {isa = PBXBuildFile; fileRef = D85B12D51EED51FD00355511 /* LoopDB.swift */; };
		D85B12D81EED545E00355511 /* CoreData.framework in Frameworks */ = {isa = PBXBuildFile; fileRef = D85B12D71EED545E00355511 /* CoreData.framework */; };
		D8DFF1101EF629640093D758 /* MuseoSansCyrl_100.otf in Resources */ = {isa = PBXBuildFile; fileRef = D8DFF10B1EF629640093D758 /* MuseoSansCyrl_100.otf */; };
		D8DFF1111EF629640093D758 /* MuseoSansCyrl_300.otf in Resources */ = {isa = PBXBuildFile; fileRef = D8DFF10C1EF629640093D758 /* MuseoSansCyrl_300.otf */; };
		D8DFF1121EF629640093D758 /* MuseoSansCyrl_500.otf in Resources */ = {isa = PBXBuildFile; fileRef = D8DFF10D1EF629640093D758 /* MuseoSansCyrl_500.otf */; };
		D8DFF1131EF629640093D758 /* MuseoSansCyrl_700.otf in Resources */ = {isa = PBXBuildFile; fileRef = D8DFF10E1EF629640093D758 /* MuseoSansCyrl_700.otf */; };
		D8DFF1141EF629640093D758 /* MuseoSansCyrl_900.otf in Resources */ = {isa = PBXBuildFile; fileRef = D8DFF10F1EF629640093D758 /* MuseoSansCyrl_900.otf */; };
		EC2F83601EE7A29A00A8D4F1 /* AppDelegate.swift in Sources */ = {isa = PBXBuildFile; fileRef = EC2F835F1EE7A29A00A8D4F1 /* AppDelegate.swift */; };
		EC2F83651EE7A29A00A8D4F1 /* Main.storyboard in Resources */ = {isa = PBXBuildFile; fileRef = EC2F83631EE7A29A00A8D4F1 /* Main.storyboard */; };
		EC2F83671EE7A29A00A8D4F1 /* Assets.xcassets in Resources */ = {isa = PBXBuildFile; fileRef = EC2F83661EE7A29A00A8D4F1 /* Assets.xcassets */; };
		EC2F836A1EE7A29A00A8D4F1 /* LaunchScreen.storyboard in Resources */ = {isa = PBXBuildFile; fileRef = EC2F83681EE7A29A00A8D4F1 /* LaunchScreen.storyboard */; };
		EC2F83751EE7A29A00A8D4F1 /* LoopTests.swift in Sources */ = {isa = PBXBuildFile; fileRef = EC2F83741EE7A29A00A8D4F1 /* LoopTests.swift */; };
		EC31BD151EE93D10009F0CB1 /* Signin.storyboard in Resources */ = {isa = PBXBuildFile; fileRef = EC31BD141EE93D10009F0CB1 /* Signin.storyboard */; };
		EC31BD1B1EE93D81009F0CB1 /* SignupViewController.swift in Sources */ = {isa = PBXBuildFile; fileRef = EC31BD171EE93D81009F0CB1 /* SignupViewController.swift */; };
		EC31BD1C1EE93D81009F0CB1 /* SiginViewController.swift in Sources */ = {isa = PBXBuildFile; fileRef = EC31BD181EE93D81009F0CB1 /* SiginViewController.swift */; };
		EC31BD1D1EE93D81009F0CB1 /* ForgotPasswordViewController.swift in Sources */ = {isa = PBXBuildFile; fileRef = EC31BD191EE93D81009F0CB1 /* ForgotPasswordViewController.swift */; };
		EC31BD1E1EE93D81009F0CB1 /* BaseRegisterViewViewController.swift in Sources */ = {isa = PBXBuildFile; fileRef = EC31BD1A1EE93D81009F0CB1 /* BaseRegisterViewViewController.swift */; };
		EC31BD2D1EE93E5A009F0CB1 /* VaribleKeyConstant.swift in Sources */ = {isa = PBXBuildFile; fileRef = EC31BD241EE93E5A009F0CB1 /* VaribleKeyConstant.swift */; };
		EC31BD2F1EE93E5A009F0CB1 /* AppConfigure.swift in Sources */ = {isa = PBXBuildFile; fileRef = EC31BD261EE93E5A009F0CB1 /* AppConfigure.swift */; };
		EC31BD321EE93EEB009F0CB1 /* UIStoryboard.swift in Sources */ = {isa = PBXBuildFile; fileRef = EC31BD311EE93EEB009F0CB1 /* UIStoryboard.swift */; };
		EC31BD351EE94DF6009F0CB1 /* LoopTextField.swift in Sources */ = {isa = PBXBuildFile; fileRef = EC31BD341EE94DF6009F0CB1 /* LoopTextField.swift */; };
		EC31BD371EE94E0E009F0CB1 /* LoopButton.swift in Sources */ = {isa = PBXBuildFile; fileRef = EC31BD361EE94E0E009F0CB1 /* LoopButton.swift */; };
		EC31BD3A1EE94FD4009F0CB1 /* BaseViewControllerProtocol.swift in Sources */ = {isa = PBXBuildFile; fileRef = EC31BD391EE94FD4009F0CB1 /* BaseViewControllerProtocol.swift */; };
		EC31BD3C1EE95128009F0CB1 /* UIViewController.swift in Sources */ = {isa = PBXBuildFile; fileRef = EC31BD3B1EE95128009F0CB1 /* UIViewController.swift */; };
		EC31BD3E1EE95440009F0CB1 /* LandingViewController.swift in Sources */ = {isa = PBXBuildFile; fileRef = EC31BD3D1EE95440009F0CB1 /* LandingViewController.swift */; };
		EC31BD401EEA3BD1009F0CB1 /* SignupRootNavigationController.swift in Sources */ = {isa = PBXBuildFile; fileRef = EC31BD3F1EEA3BD1009F0CB1 /* SignupRootNavigationController.swift */; };
		EC31BD421EEA4328009F0CB1 /* LoopNavigationBar.swift in Sources */ = {isa = PBXBuildFile; fileRef = EC31BD411EEA4328009F0CB1 /* LoopNavigationBar.swift */; };
		EC5B81CB1EE7FDA700B29A5E /* EventsViewController.swift in Sources */ = {isa = PBXBuildFile; fileRef = EC5B81CA1EE7FDA700B29A5E /* EventsViewController.swift */; };
		EC5B81CE1EE7FE2300B29A5E /* MainTabsViewController.swift in Sources */ = {isa = PBXBuildFile; fileRef = EC5B81CD1EE7FE2300B29A5E /* MainTabsViewController.swift */; };
		ECF78C3A1EEAB88500B7F824 /* UITableViewCellProtocol.swift in Sources */ = {isa = PBXBuildFile; fileRef = ECF78C391EEAB88500B7F824 /* UITableViewCellProtocol.swift */; };
		ECF78C461EEADFB800B7F824 /* KeyValueTableViewCell.swift in Sources */ = {isa = PBXBuildFile; fileRef = ECF78C401EEADFB800B7F824 /* KeyValueTableViewCell.swift */; };
		ECF78C471EEADFB800B7F824 /* KeyValueTableViewCell.xib in Resources */ = {isa = PBXBuildFile; fileRef = ECF78C411EEADFB800B7F824 /* KeyValueTableViewCell.xib */; };
		ECF78C481EEADFB800B7F824 /* SwitchTableViewCell.swift in Sources */ = {isa = PBXBuildFile; fileRef = ECF78C421EEADFB800B7F824 /* SwitchTableViewCell.swift */; };
		ECF78C491EEADFB800B7F824 /* SwitchTableViewCell.xib in Resources */ = {isa = PBXBuildFile; fileRef = ECF78C431EEADFB800B7F824 /* SwitchTableViewCell.xib */; };
		ECF78C4A1EEADFB800B7F824 /* TitleAndCameraTableViewCell.swift in Sources */ = {isa = PBXBuildFile; fileRef = ECF78C441EEADFB800B7F824 /* TitleAndCameraTableViewCell.swift */; };
		ECF78C4B1EEADFB800B7F824 /* TitleAndCameraTableViewCell.xib in Resources */ = {isa = PBXBuildFile; fileRef = ECF78C451EEADFB800B7F824 /* TitleAndCameraTableViewCell.xib */; };
		ECF78C531EEAE0B800B7F824 /* EventViewModelDescriptionItem.swift in Sources */ = {isa = PBXBuildFile; fileRef = ECF78C4E1EEAE0B800B7F824 /* EventViewModelDescriptionItem.swift */; };
		ECF78C541EEAE0B800B7F824 /* EventViewModelInfoItem.swift in Sources */ = {isa = PBXBuildFile; fileRef = ECF78C4F1EEAE0B800B7F824 /* EventViewModelInfoItem.swift */; };
		ECF78C551EEAE0B800B7F824 /* EventViewModelItemType.swift in Sources */ = {isa = PBXBuildFile; fileRef = ECF78C501EEAE0B800B7F824 /* EventViewModelItemType.swift */; };
		ECF78C561EEAE0B800B7F824 /* EventViewModelSettingItem.swift in Sources */ = {isa = PBXBuildFile; fileRef = ECF78C511EEAE0B800B7F824 /* EventViewModelSettingItem.swift */; };
		ECF78C581EEAE15700B7F824 /* EventViewModelTitleItem.swift in Sources */ = {isa = PBXBuildFile; fileRef = ECF78C571EEAE15700B7F824 /* EventViewModelTitleItem.swift */; };
		ECF78C5E1EEAE1D800B7F824 /* PrivateEventModel.swift in Sources */ = {isa = PBXBuildFile; fileRef = ECF78C5D1EEAE1D800B7F824 /* PrivateEventModel.swift */; };
		ECF78C601EEAE1F200B7F824 /* PublicEventModel.swift in Sources */ = {isa = PBXBuildFile; fileRef = ECF78C5F1EEAE1F200B7F824 /* PublicEventModel.swift */; };
/* End PBXBuildFile section */

/* Begin PBXContainerItemProxy section */
		EC2F83711EE7A29A00A8D4F1 /* PBXContainerItemProxy */ = {
			isa = PBXContainerItemProxy;
			containerPortal = EC2F83541EE7A29A00A8D4F1 /* Project object */;
			proxyType = 1;
			remoteGlobalIDString = EC2F835B1EE7A29A00A8D4F1;
			remoteInfo = Loop;
		};
/* End PBXContainerItemProxy section */

/* Begin PBXFileReference section */
		099A98A59A0C3912F21D476D /* Pods-Loop.release.xcconfig */ = {isa = PBXFileReference; includeInIndex = 1; lastKnownFileType = text.xcconfig; name = "Pods-Loop.release.xcconfig"; path = "Pods/Target Support Files/Pods-Loop/Pods-Loop.release.xcconfig"; sourceTree = "<group>"; };
		70ED5293195310F1BE8EC4E7 /* Pods_Loop.framework */ = {isa = PBXFileReference; explicitFileType = wrapper.framework; includeInIndex = 0; path = Pods_Loop.framework; sourceTree = BUILT_PRODUCTS_DIR; };
		BA49648349788963533C48FC /* Pods-Loop.debug.xcconfig */ = {isa = PBXFileReference; includeInIndex = 1; lastKnownFileType = text.xcconfig; name = "Pods-Loop.debug.xcconfig"; path = "Pods/Target Support Files/Pods-Loop/Pods-Loop.debug.xcconfig"; sourceTree = "<group>"; };
		D837A43A1EEE7850005FD60F /* AppController.swift */ = {isa = PBXFileReference; fileEncoding = 4; lastKnownFileType = sourcecode.swift; path = AppController.swift; sourceTree = "<group>"; };
		D837A43D1EEE8348005FD60F /* MapViewController.swift */ = {isa = PBXFileReference; fileEncoding = 4; lastKnownFileType = sourcecode.swift; path = MapViewController.swift; sourceTree = "<group>"; };
		D837A43F1EEE83C1005FD60F /* MapKit.framework */ = {isa = PBXFileReference; lastKnownFileType = wrapper.framework; name = MapKit.framework; path = System/Library/Frameworks/MapKit.framework; sourceTree = SDKROOT; };
		D837A4411EEE8478005FD60F /* EventListViewController.swift */ = {isa = PBXFileReference; fileEncoding = 4; lastKnownFileType = sourcecode.swift; path = EventListViewController.swift; sourceTree = "<group>"; };
		D837A4431EEE89CC005FD60F /* Loop.entitlements */ = {isa = PBXFileReference; lastKnownFileType = text.plist.entitlements; path = Loop.entitlements; sourceTree = "<group>"; };
		D85B12CA1EED1B8C00355511 /* LoopStorage.swift */ = {isa = PBXFileReference; fileEncoding = 4; lastKnownFileType = sourcecode.swift; path = LoopStorage.swift; sourceTree = "<group>"; };
		D85B12CE1EED3A5600355511 /* LoopDB.xcdatamodel */ = {isa = PBXFileReference; lastKnownFileType = wrapper.xcdatamodel; path = LoopDB.xcdatamodel; sourceTree = "<group>"; };
		D85B12D51EED51FD00355511 /* LoopDB.swift */ = {isa = PBXFileReference; fileEncoding = 4; lastKnownFileType = sourcecode.swift; path = LoopDB.swift; sourceTree = "<group>"; };
		D85B12D71EED545E00355511 /* CoreData.framework */ = {isa = PBXFileReference; lastKnownFileType = wrapper.framework; name = CoreData.framework; path = System/Library/Frameworks/CoreData.framework; sourceTree = SDKROOT; };
		D8DFF10B1EF629640093D758 /* MuseoSansCyrl_100.otf */ = {isa = PBXFileReference; lastKnownFileType = file; path = MuseoSansCyrl_100.otf; sourceTree = "<group>"; };
		D8DFF10C1EF629640093D758 /* MuseoSansCyrl_300.otf */ = {isa = PBXFileReference; lastKnownFileType = file; path = MuseoSansCyrl_300.otf; sourceTree = "<group>"; };
		D8DFF10D1EF629640093D758 /* MuseoSansCyrl_500.otf */ = {isa = PBXFileReference; lastKnownFileType = file; path = MuseoSansCyrl_500.otf; sourceTree = "<group>"; };
		D8DFF10E1EF629640093D758 /* MuseoSansCyrl_700.otf */ = {isa = PBXFileReference; lastKnownFileType = file; path = MuseoSansCyrl_700.otf; sourceTree = "<group>"; };
		D8DFF10F1EF629640093D758 /* MuseoSansCyrl_900.otf */ = {isa = PBXFileReference; lastKnownFileType = file; path = MuseoSansCyrl_900.otf; sourceTree = "<group>"; };
		EC2F835C1EE7A29A00A8D4F1 /* Loop.app */ = {isa = PBXFileReference; explicitFileType = wrapper.application; includeInIndex = 0; path = Loop.app; sourceTree = BUILT_PRODUCTS_DIR; };
		EC2F835F1EE7A29A00A8D4F1 /* AppDelegate.swift */ = {isa = PBXFileReference; lastKnownFileType = sourcecode.swift; path = AppDelegate.swift; sourceTree = "<group>"; };
		EC2F83641EE7A29A00A8D4F1 /* Base */ = {isa = PBXFileReference; lastKnownFileType = file.storyboard; name = Base; path = Base.lproj/Main.storyboard; sourceTree = "<group>"; };
		EC2F83661EE7A29A00A8D4F1 /* Assets.xcassets */ = {isa = PBXFileReference; lastKnownFileType = folder.assetcatalog; path = Assets.xcassets; sourceTree = "<group>"; };
		EC2F83691EE7A29A00A8D4F1 /* Base */ = {isa = PBXFileReference; lastKnownFileType = file.storyboard; name = Base; path = Base.lproj/LaunchScreen.storyboard; sourceTree = "<group>"; };
		EC2F836B1EE7A29A00A8D4F1 /* Info.plist */ = {isa = PBXFileReference; lastKnownFileType = text.plist.xml; path = Info.plist; sourceTree = "<group>"; };
		EC2F83701EE7A29A00A8D4F1 /* LoopTests.xctest */ = {isa = PBXFileReference; explicitFileType = wrapper.cfbundle; includeInIndex = 0; path = LoopTests.xctest; sourceTree = BUILT_PRODUCTS_DIR; };
		EC2F83741EE7A29A00A8D4F1 /* LoopTests.swift */ = {isa = PBXFileReference; lastKnownFileType = sourcecode.swift; path = LoopTests.swift; sourceTree = "<group>"; };
		EC2F83761EE7A29A00A8D4F1 /* Info.plist */ = {isa = PBXFileReference; lastKnownFileType = text.plist.xml; path = Info.plist; sourceTree = "<group>"; };
		EC31BD141EE93D10009F0CB1 /* Signin.storyboard */ = {isa = PBXFileReference; fileEncoding = 4; lastKnownFileType = file.storyboard; path = Signin.storyboard; sourceTree = "<group>"; };
		EC31BD171EE93D81009F0CB1 /* SignupViewController.swift */ = {isa = PBXFileReference; fileEncoding = 4; lastKnownFileType = sourcecode.swift; path = SignupViewController.swift; sourceTree = "<group>"; };
		EC31BD181EE93D81009F0CB1 /* SiginViewController.swift */ = {isa = PBXFileReference; fileEncoding = 4; lastKnownFileType = sourcecode.swift; path = SiginViewController.swift; sourceTree = "<group>"; };
		EC31BD191EE93D81009F0CB1 /* ForgotPasswordViewController.swift */ = {isa = PBXFileReference; fileEncoding = 4; lastKnownFileType = sourcecode.swift; path = ForgotPasswordViewController.swift; sourceTree = "<group>"; };
		EC31BD1A1EE93D81009F0CB1 /* BaseRegisterViewViewController.swift */ = {isa = PBXFileReference; fileEncoding = 4; lastKnownFileType = sourcecode.swift; path = BaseRegisterViewViewController.swift; sourceTree = "<group>"; };
		EC31BD241EE93E5A009F0CB1 /* VaribleKeyConstant.swift */ = {isa = PBXFileReference; fileEncoding = 4; lastKnownFileType = sourcecode.swift; path = VaribleKeyConstant.swift; sourceTree = "<group>"; };
		EC31BD261EE93E5A009F0CB1 /* AppConfigure.swift */ = {isa = PBXFileReference; fileEncoding = 4; lastKnownFileType = sourcecode.swift; path = AppConfigure.swift; sourceTree = "<group>"; };
		EC31BD311EE93EEB009F0CB1 /* UIStoryboard.swift */ = {isa = PBXFileReference; fileEncoding = 4; lastKnownFileType = sourcecode.swift; name = UIStoryboard.swift; path = Loop/Common/UIStoryboard.swift; sourceTree = SOURCE_ROOT; };
		EC31BD341EE94DF6009F0CB1 /* LoopTextField.swift */ = {isa = PBXFileReference; fileEncoding = 4; lastKnownFileType = sourcecode.swift; path = LoopTextField.swift; sourceTree = "<group>"; };
		EC31BD361EE94E0E009F0CB1 /* LoopButton.swift */ = {isa = PBXFileReference; fileEncoding = 4; lastKnownFileType = sourcecode.swift; path = LoopButton.swift; sourceTree = "<group>"; };
		EC31BD391EE94FD4009F0CB1 /* BaseViewControllerProtocol.swift */ = {isa = PBXFileReference; fileEncoding = 4; lastKnownFileType = sourcecode.swift; path = BaseViewControllerProtocol.swift; sourceTree = "<group>"; };
		EC31BD3B1EE95128009F0CB1 /* UIViewController.swift */ = {isa = PBXFileReference; fileEncoding = 4; lastKnownFileType = sourcecode.swift; name = UIViewController.swift; path = Loop/Common/UIViewController.swift; sourceTree = SOURCE_ROOT; };
		EC31BD3D1EE95440009F0CB1 /* LandingViewController.swift */ = {isa = PBXFileReference; fileEncoding = 4; lastKnownFileType = sourcecode.swift; path = LandingViewController.swift; sourceTree = "<group>"; };
		EC31BD3F1EEA3BD1009F0CB1 /* SignupRootNavigationController.swift */ = {isa = PBXFileReference; fileEncoding = 4; lastKnownFileType = sourcecode.swift; path = SignupRootNavigationController.swift; sourceTree = "<group>"; };
		EC31BD411EEA4328009F0CB1 /* LoopNavigationBar.swift */ = {isa = PBXFileReference; fileEncoding = 4; lastKnownFileType = sourcecode.swift; path = LoopNavigationBar.swift; sourceTree = "<group>"; };
		EC5B81CA1EE7FDA700B29A5E /* EventsViewController.swift */ = {isa = PBXFileReference; fileEncoding = 4; lastKnownFileType = sourcecode.swift; path = EventsViewController.swift; sourceTree = "<group>"; };
		EC5B81CD1EE7FE2300B29A5E /* MainTabsViewController.swift */ = {isa = PBXFileReference; fileEncoding = 4; lastKnownFileType = sourcecode.swift; path = MainTabsViewController.swift; sourceTree = "<group>"; };
		ECF78C391EEAB88500B7F824 /* UITableViewCellProtocol.swift */ = {isa = PBXFileReference; fileEncoding = 4; lastKnownFileType = sourcecode.swift; path = UITableViewCellProtocol.swift; sourceTree = "<group>"; };
		ECF78C401EEADFB800B7F824 /* KeyValueTableViewCell.swift */ = {isa = PBXFileReference; fileEncoding = 4; lastKnownFileType = sourcecode.swift; path = KeyValueTableViewCell.swift; sourceTree = "<group>"; };
		ECF78C411EEADFB800B7F824 /* KeyValueTableViewCell.xib */ = {isa = PBXFileReference; fileEncoding = 4; lastKnownFileType = file.xib; path = KeyValueTableViewCell.xib; sourceTree = "<group>"; };
		ECF78C421EEADFB800B7F824 /* SwitchTableViewCell.swift */ = {isa = PBXFileReference; fileEncoding = 4; lastKnownFileType = sourcecode.swift; path = SwitchTableViewCell.swift; sourceTree = "<group>"; };
		ECF78C431EEADFB800B7F824 /* SwitchTableViewCell.xib */ = {isa = PBXFileReference; fileEncoding = 4; lastKnownFileType = file.xib; path = SwitchTableViewCell.xib; sourceTree = "<group>"; };
		ECF78C441EEADFB800B7F824 /* TitleAndCameraTableViewCell.swift */ = {isa = PBXFileReference; fileEncoding = 4; lastKnownFileType = sourcecode.swift; path = TitleAndCameraTableViewCell.swift; sourceTree = "<group>"; };
		ECF78C451EEADFB800B7F824 /* TitleAndCameraTableViewCell.xib */ = {isa = PBXFileReference; fileEncoding = 4; lastKnownFileType = file.xib; path = TitleAndCameraTableViewCell.xib; sourceTree = "<group>"; };
		ECF78C4E1EEAE0B800B7F824 /* EventViewModelDescriptionItem.swift */ = {isa = PBXFileReference; fileEncoding = 4; lastKnownFileType = sourcecode.swift; path = EventViewModelDescriptionItem.swift; sourceTree = "<group>"; };
		ECF78C4F1EEAE0B800B7F824 /* EventViewModelInfoItem.swift */ = {isa = PBXFileReference; fileEncoding = 4; lastKnownFileType = sourcecode.swift; path = EventViewModelInfoItem.swift; sourceTree = "<group>"; };
		ECF78C501EEAE0B800B7F824 /* EventViewModelItemType.swift */ = {isa = PBXFileReference; fileEncoding = 4; lastKnownFileType = sourcecode.swift; path = EventViewModelItemType.swift; sourceTree = "<group>"; };
		ECF78C511EEAE0B800B7F824 /* EventViewModelSettingItem.swift */ = {isa = PBXFileReference; fileEncoding = 4; lastKnownFileType = sourcecode.swift; path = EventViewModelSettingItem.swift; sourceTree = "<group>"; };
		ECF78C571EEAE15700B7F824 /* EventViewModelTitleItem.swift */ = {isa = PBXFileReference; fileEncoding = 4; lastKnownFileType = sourcecode.swift; path = EventViewModelTitleItem.swift; sourceTree = "<group>"; };
		ECF78C5D1EEAE1D800B7F824 /* PrivateEventModel.swift */ = {isa = PBXFileReference; fileEncoding = 4; lastKnownFileType = sourcecode.swift; path = PrivateEventModel.swift; sourceTree = "<group>"; };
		ECF78C5F1EEAE1F200B7F824 /* PublicEventModel.swift */ = {isa = PBXFileReference; fileEncoding = 4; lastKnownFileType = sourcecode.swift; path = PublicEventModel.swift; sourceTree = "<group>"; };
/* End PBXFileReference section */

/* Begin PBXFrameworksBuildPhase section */
		EC2F83591EE7A29A00A8D4F1 /* Frameworks */ = {
			isa = PBXFrameworksBuildPhase;
			buildActionMask = 2147483647;
			files = (
				D837A4401EEE83C1005FD60F /* MapKit.framework in Frameworks */,
				D85B12D81EED545E00355511 /* CoreData.framework in Frameworks */,
				9B8455715B61433FCD5D8103 /* Pods_Loop.framework in Frameworks */,
			);
			runOnlyForDeploymentPostprocessing = 0;
		};
		EC2F836D1EE7A29A00A8D4F1 /* Frameworks */ = {
			isa = PBXFrameworksBuildPhase;
			buildActionMask = 2147483647;
			files = (
			);
			runOnlyForDeploymentPostprocessing = 0;
		};
/* End PBXFrameworksBuildPhase section */

/* Begin PBXGroup section */
		6CB6038807CB86CDE3875CFD /* Pods */ = {
			isa = PBXGroup;
			children = (
				BA49648349788963533C48FC /* Pods-Loop.debug.xcconfig */,
				099A98A59A0C3912F21D476D /* Pods-Loop.release.xcconfig */,
			);
			name = Pods;
			sourceTree = "<group>";
		};
		D6A9BFD48EA8EA080171B6E6 /* Frameworks */ = {
			isa = PBXGroup;
			children = (
				D837A43F1EEE83C1005FD60F /* MapKit.framework */,
				D85B12D71EED545E00355511 /* CoreData.framework */,
				70ED5293195310F1BE8EC4E7 /* Pods_Loop.framework */,
			);
			name = Frameworks;
			sourceTree = "<group>";
		};
		D837A43C1EEE81CF005FD60F /* Map */ = {
			isa = PBXGroup;
			children = (
				D837A43D1EEE8348005FD60F /* MapViewController.swift */,
			);
			path = Map;
			sourceTree = "<group>";
		};
		D85B12C91EED1B6A00355511 /* Helpers */ = {
			isa = PBXGroup;
			children = (
				D85B12CA1EED1B8C00355511 /* LoopStorage.swift */,
				D837A43A1EEE7850005FD60F /* AppController.swift */,
			);
			path = Helpers;
			sourceTree = "<group>";
		};
		D85B12CC1EED3A3000355511 /* Database */ = {
			isa = PBXGroup;
			children = (
				D85B12CD1EED3A5600355511 /* LoopDB.xcdatamodeld */,
				D85B12D51EED51FD00355511 /* LoopDB.swift */,
			);
			path = Database;
			sourceTree = "<group>";
		};
		D85B12D01EED468200355511 /* Models */ = {
			isa = PBXGroup;
			children = (
			);
			path = Models;
			sourceTree = "<group>";
		};
		EC2F83531EE7A29A00A8D4F1 = {
			isa = PBXGroup;
			children = (
				EC2F835E1EE7A29A00A8D4F1 /* Loop */,
				EC2F83731EE7A29A00A8D4F1 /* LoopTests */,
				EC2F835D1EE7A29A00A8D4F1 /* Products */,
				6CB6038807CB86CDE3875CFD /* Pods */,
				D6A9BFD48EA8EA080171B6E6 /* Frameworks */,
			);
			sourceTree = "<group>";
		};
		EC2F835D1EE7A29A00A8D4F1 /* Products */ = {
			isa = PBXGroup;
			children = (
				EC2F835C1EE7A29A00A8D4F1 /* Loop.app */,
				EC2F83701EE7A29A00A8D4F1 /* LoopTests.xctest */,
			);
			name = Products;
			sourceTree = "<group>";
		};
		EC2F835E1EE7A29A00A8D4F1 /* Loop */ = {
			isa = PBXGroup;
			children = (
				D837A4431EEE89CC005FD60F /* Loop.entitlements */,
				D85B12D01EED468200355511 /* Models */,
				D85B12CC1EED3A3000355511 /* Database */,
				D85B12C91EED1B6A00355511 /* Helpers */,
				EC31BD331EE94DCE009F0CB1 /* LoopControl */,
				EC31BCF21EE9349A009F0CB1 /* Common */,
				EC31BC191EE93489009F0CB1 /* Fonts */,
				EC5B81C81EE7FD6100B29A5E /* ViewControllers */,
				EC2F835F1EE7A29A00A8D4F1 /* AppDelegate.swift */,
				EC2F83631EE7A29A00A8D4F1 /* Main.storyboard */,
				EC2F83661EE7A29A00A8D4F1 /* Assets.xcassets */,
				EC2F83681EE7A29A00A8D4F1 /* LaunchScreen.storyboard */,
				EC2F836B1EE7A29A00A8D4F1 /* Info.plist */,
				EC31BD141EE93D10009F0CB1 /* Signin.storyboard */,
			);
			path = Loop;
			sourceTree = "<group>";
		};
		EC2F83731EE7A29A00A8D4F1 /* LoopTests */ = {
			isa = PBXGroup;
			children = (
				EC2F83741EE7A29A00A8D4F1 /* LoopTests.swift */,
				EC2F83761EE7A29A00A8D4F1 /* Info.plist */,
			);
			path = LoopTests;
			sourceTree = "<group>";
		};
		EC31BC191EE93489009F0CB1 /* Fonts */ = {
			isa = PBXGroup;
			children = (
				D8DFF10B1EF629640093D758 /* MuseoSansCyrl_100.otf */,
				D8DFF10C1EF629640093D758 /* MuseoSansCyrl_300.otf */,
				D8DFF10D1EF629640093D758 /* MuseoSansCyrl_500.otf */,
				D8DFF10E1EF629640093D758 /* MuseoSansCyrl_700.otf */,
				D8DFF10F1EF629640093D758 /* MuseoSansCyrl_900.otf */,
			);
			path = Fonts;
			sourceTree = "<group>";
		};
		EC31BCF21EE9349A009F0CB1 /* Common */ = {
			isa = PBXGroup;
			children = (
				EC31BD241EE93E5A009F0CB1 /* VaribleKeyConstant.swift */,
				EC31BD261EE93E5A009F0CB1 /* AppConfigure.swift */,
				EC31BD311EE93EEB009F0CB1 /* UIStoryboard.swift */,
				EC31BD3B1EE95128009F0CB1 /* UIViewController.swift */,
			);
			name = Common;
			path = common;
			sourceTree = "<group>";
		};
		EC31BD161EE93D6F009F0CB1 /* Register */ = {
			isa = PBXGroup;
			children = (
				EC31BD171EE93D81009F0CB1 /* SignupViewController.swift */,
				EC31BD181EE93D81009F0CB1 /* SiginViewController.swift */,
				EC31BD191EE93D81009F0CB1 /* ForgotPasswordViewController.swift */,
				EC31BD1A1EE93D81009F0CB1 /* BaseRegisterViewViewController.swift */,
				EC31BD3F1EEA3BD1009F0CB1 /* SignupRootNavigationController.swift */,
			);
			path = Register;
			sourceTree = "<group>";
		};
		EC31BD331EE94DCE009F0CB1 /* LoopControl */ = {
			isa = PBXGroup;
			children = (
				EC31BD341EE94DF6009F0CB1 /* LoopTextField.swift */,
				EC31BD361EE94E0E009F0CB1 /* LoopButton.swift */,
				EC31BD411EEA4328009F0CB1 /* LoopNavigationBar.swift */,
			);
			path = LoopControl;
			sourceTree = "<group>";
		};
		EC31BD381EE94FC5009F0CB1 /* Base */ = {
			isa = PBXGroup;
			children = (
				ECF78C381EEAB87400B7F824 /* Cell */,
				EC31BD391EE94FD4009F0CB1 /* BaseViewControllerProtocol.swift */,
				EC31BD3D1EE95440009F0CB1 /* LandingViewController.swift */,
			);
			path = Base;
			sourceTree = "<group>";
		};
		EC31BD451EEA649A009F0CB1 /* Private */ = {
			isa = PBXGroup;
			children = (
				ECF78C5D1EEAE1D800B7F824 /* PrivateEventModel.swift */,
			);
			path = Private;
			sourceTree = "<group>";
		};
		EC5B81C81EE7FD6100B29A5E /* ViewControllers */ = {
			isa = PBXGroup;
			children = (
				D837A43C1EEE81CF005FD60F /* Map */,
				EC31BD381EE94FC5009F0CB1 /* Base */,
				EC31BD161EE93D6F009F0CB1 /* Register */,
				EC5B81CC1EE7FDC000B29A5E /* Home */,
				EC5B81C91EE7FD8B00B29A5E /* Events */,
			);
			path = ViewControllers;
			sourceTree = "<group>";
		};
		EC5B81C91EE7FD8B00B29A5E /* Events */ = {
			isa = PBXGroup;
			children = (
				ECF78C4C1EEAE09D00B7F824 /* ViewModel */,
				ECF78C3F1EEADF8E00B7F824 /* Cell */,
				ECF78C3B1EEADDF100B7F824 /* Public */,
				EC31BD451EEA649A009F0CB1 /* Private */,
				EC5B81CA1EE7FDA700B29A5E /* EventsViewController.swift */,
				D837A4411EEE8478005FD60F /* EventListViewController.swift */,
			);
			path = Events;
			sourceTree = "<group>";
		};
		EC5B81CC1EE7FDC000B29A5E /* Home */ = {
			isa = PBXGroup;
			children = (
				EC5B81CD1EE7FE2300B29A5E /* MainTabsViewController.swift */,
			);
			path = Home;
			sourceTree = "<group>";
		};
		ECF78C381EEAB87400B7F824 /* Cell */ = {
			isa = PBXGroup;
			children = (
				ECF78C391EEAB88500B7F824 /* UITableViewCellProtocol.swift */,
			);
			path = Cell;
			sourceTree = "<group>";
		};
		ECF78C3B1EEADDF100B7F824 /* Public */ = {
			isa = PBXGroup;
			children = (
				ECF78C5F1EEAE1F200B7F824 /* PublicEventModel.swift */,
			);
			path = Public;
			sourceTree = "<group>";
		};
		ECF78C3F1EEADF8E00B7F824 /* Cell */ = {
			isa = PBXGroup;
			children = (
				ECF78C401EEADFB800B7F824 /* KeyValueTableViewCell.swift */,
				ECF78C411EEADFB800B7F824 /* KeyValueTableViewCell.xib */,
				ECF78C421EEADFB800B7F824 /* SwitchTableViewCell.swift */,
				ECF78C431EEADFB800B7F824 /* SwitchTableViewCell.xib */,
				ECF78C441EEADFB800B7F824 /* TitleAndCameraTableViewCell.swift */,
				ECF78C451EEADFB800B7F824 /* TitleAndCameraTableViewCell.xib */,
			);
			path = Cell;
			sourceTree = "<group>";
		};
		ECF78C4C1EEAE09D00B7F824 /* ViewModel */ = {
			isa = PBXGroup;
			children = (
				ECF78C501EEAE0B800B7F824 /* EventViewModelItemType.swift */,
				ECF78C571EEAE15700B7F824 /* EventViewModelTitleItem.swift */,
				ECF78C4E1EEAE0B800B7F824 /* EventViewModelDescriptionItem.swift */,
				ECF78C4F1EEAE0B800B7F824 /* EventViewModelInfoItem.swift */,
				ECF78C511EEAE0B800B7F824 /* EventViewModelSettingItem.swift */,
			);
			path = ViewModel;
			sourceTree = "<group>";
		};
/* End PBXGroup section */

/* Begin PBXNativeTarget section */
		EC2F835B1EE7A29A00A8D4F1 /* Loop */ = {
			isa = PBXNativeTarget;
			buildConfigurationList = EC2F83791EE7A29A00A8D4F1 /* Build configuration list for PBXNativeTarget "Loop" */;
			buildPhases = (
				D8D8F340E765B9C244E978BB /* [CP] Check Pods Manifest.lock */,
				EC2F83581EE7A29A00A8D4F1 /* Sources */,
				EC2F83591EE7A29A00A8D4F1 /* Frameworks */,
				EC2F835A1EE7A29A00A8D4F1 /* Resources */,
				7EF3A973F6B95C26AABC526E /* [CP] Embed Pods Frameworks */,
				C2B18DCD6B0A1F1F49248903 /* [CP] Copy Pods Resources */,
				D85B12C71EED171300355511 /* Crashlytic */,
			);
			buildRules = (
			);
			dependencies = (
			);
			name = Loop;
			productName = Loop;
			productReference = EC2F835C1EE7A29A00A8D4F1 /* Loop.app */;
			productType = "com.apple.product-type.application";
		};
		EC2F836F1EE7A29A00A8D4F1 /* LoopTests */ = {
			isa = PBXNativeTarget;
			buildConfigurationList = EC2F837C1EE7A29A00A8D4F1 /* Build configuration list for PBXNativeTarget "LoopTests" */;
			buildPhases = (
				EC2F836C1EE7A29A00A8D4F1 /* Sources */,
				EC2F836D1EE7A29A00A8D4F1 /* Frameworks */,
				EC2F836E1EE7A29A00A8D4F1 /* Resources */,
			);
			buildRules = (
			);
			dependencies = (
				EC2F83721EE7A29A00A8D4F1 /* PBXTargetDependency */,
			);
			name = LoopTests;
			productName = LoopTests;
			productReference = EC2F83701EE7A29A00A8D4F1 /* LoopTests.xctest */;
			productType = "com.apple.product-type.bundle.unit-test";
		};
/* End PBXNativeTarget section */

/* Begin PBXProject section */
		EC2F83541EE7A29A00A8D4F1 /* Project object */ = {
			isa = PBXProject;
			attributes = {
				LastSwiftUpdateCheck = 0830;
				LastUpgradeCheck = 0830;
				ORGANIZATIONNAME = "Tan Vu";
				TargetAttributes = {
					EC2F835B1EE7A29A00A8D4F1 = {
						CreatedOnToolsVersion = 8.3;
						DevelopmentTeam = 7MD88PM2GZ;
						ProvisioningStyle = Automatic;
						SystemCapabilities = {
							com.apple.iCloud = {
								enabled = 1;
							};
						};
					};
					EC2F836F1EE7A29A00A8D4F1 = {
						CreatedOnToolsVersion = 8.3;
						ProvisioningStyle = Automatic;
						TestTargetID = EC2F835B1EE7A29A00A8D4F1;
					};
				};
			};
			buildConfigurationList = EC2F83571EE7A29A00A8D4F1 /* Build configuration list for PBXProject "Loop" */;
			compatibilityVersion = "Xcode 3.2";
			developmentRegion = English;
			hasScannedForEncodings = 0;
			knownRegions = (
				en,
				Base,
			);
			mainGroup = EC2F83531EE7A29A00A8D4F1;
			productRefGroup = EC2F835D1EE7A29A00A8D4F1 /* Products */;
			projectDirPath = "";
			projectRoot = "";
			targets = (
				EC2F835B1EE7A29A00A8D4F1 /* Loop */,
				EC2F836F1EE7A29A00A8D4F1 /* LoopTests */,
			);
		};
/* End PBXProject section */

/* Begin PBXResourcesBuildPhase section */
		EC2F835A1EE7A29A00A8D4F1 /* Resources */ = {
			isa = PBXResourcesBuildPhase;
			buildActionMask = 2147483647;
			files = (
				D8DFF1141EF629640093D758 /* MuseoSansCyrl_900.otf in Resources */,
				EC31BD151EE93D10009F0CB1 /* Signin.storyboard in Resources */,
				ECF78C491EEADFB800B7F824 /* SwitchTableViewCell.xib in Resources */,
				ECF78C471EEADFB800B7F824 /* KeyValueTableViewCell.xib in Resources */,
				D8DFF1111EF629640093D758 /* MuseoSansCyrl_300.otf in Resources */,
				D8DFF1121EF629640093D758 /* MuseoSansCyrl_500.otf in Resources */,
				ECF78C4B1EEADFB800B7F824 /* TitleAndCameraTableViewCell.xib in Resources */,
				D8DFF1101EF629640093D758 /* MuseoSansCyrl_100.otf in Resources */,
				D8DFF1131EF629640093D758 /* MuseoSansCyrl_700.otf in Resources */,
				EC2F836A1EE7A29A00A8D4F1 /* LaunchScreen.storyboard in Resources */,
				EC2F83671EE7A29A00A8D4F1 /* Assets.xcassets in Resources */,
				EC2F83651EE7A29A00A8D4F1 /* Main.storyboard in Resources */,
			);
			runOnlyForDeploymentPostprocessing = 0;
		};
		EC2F836E1EE7A29A00A8D4F1 /* Resources */ = {
			isa = PBXResourcesBuildPhase;
			buildActionMask = 2147483647;
			files = (
			);
			runOnlyForDeploymentPostprocessing = 0;
		};
/* End PBXResourcesBuildPhase section */

/* Begin PBXShellScriptBuildPhase section */
		7EF3A973F6B95C26AABC526E /* [CP] Embed Pods Frameworks */ = {
			isa = PBXShellScriptBuildPhase;
			buildActionMask = 2147483647;
			files = (
			);
			inputPaths = (
			);
			name = "[CP] Embed Pods Frameworks";
			outputPaths = (
			);
			runOnlyForDeploymentPostprocessing = 0;
			shellPath = /bin/sh;
			shellScript = "\"${SRCROOT}/Pods/Target Support Files/Pods-Loop/Pods-Loop-frameworks.sh\"\n";
			showEnvVarsInLog = 0;
		};
		C2B18DCD6B0A1F1F49248903 /* [CP] Copy Pods Resources */ = {
			isa = PBXShellScriptBuildPhase;
			buildActionMask = 2147483647;
			files = (
			);
			inputPaths = (
			);
			name = "[CP] Copy Pods Resources";
			outputPaths = (
			);
			runOnlyForDeploymentPostprocessing = 0;
			shellPath = /bin/sh;
			shellScript = "\"${SRCROOT}/Pods/Target Support Files/Pods-Loop/Pods-Loop-resources.sh\"\n";
			showEnvVarsInLog = 0;
		};
		D85B12C71EED171300355511 /* Crashlytic */ = {
			isa = PBXShellScriptBuildPhase;
			buildActionMask = 2147483647;
			files = (
			);
			inputPaths = (
			);
			name = Crashlytic;
			outputPaths = (
			);
			runOnlyForDeploymentPostprocessing = 0;
			shellPath = /bin/sh;
			shellScript = "\"${PODS_ROOT}/Fabric/run\" 02bfb35b35cf8a8d432050b5b490bd19bd4f3544 8e85a2d60406ff4675ac4fc0005aa5ccb3307ebe5a0c703c7841f7d77a20699f\n";
		};
		D8D8F340E765B9C244E978BB /* [CP] Check Pods Manifest.lock */ = {
			isa = PBXShellScriptBuildPhase;
			buildActionMask = 2147483647;
			files = (
			);
			inputPaths = (
			);
			name = "[CP] Check Pods Manifest.lock";
			outputPaths = (
			);
			runOnlyForDeploymentPostprocessing = 0;
			shellPath = /bin/sh;
			shellScript = "diff \"${PODS_PODFILE_DIR_PATH}/Podfile.lock\" \"${PODS_ROOT}/Manifest.lock\" > /dev/null\nif [ $? != 0 ] ; then\n    # print error to STDERR\n    echo \"error: The sandbox is not in sync with the Podfile.lock. Run 'pod install' or update your CocoaPods installation.\" >&2\n    exit 1\nfi\n";
			showEnvVarsInLog = 0;
		};
/* End PBXShellScriptBuildPhase section */

/* Begin PBXSourcesBuildPhase section */
		EC2F83581EE7A29A00A8D4F1 /* Sources */ = {
			isa = PBXSourcesBuildPhase;
			buildActionMask = 2147483647;
			files = (
				ECF78C5E1EEAE1D800B7F824 /* PrivateEventModel.swift in Sources */,
				EC31BD3C1EE95128009F0CB1 /* UIViewController.swift in Sources */,
				D85B12CB1EED1B8C00355511 /* LoopStorage.swift in Sources */,
				EC31BD2F1EE93E5A009F0CB1 /* AppConfigure.swift in Sources */,
				EC31BD3E1EE95440009F0CB1 /* LandingViewController.swift in Sources */,
				ECF78C3A1EEAB88500B7F824 /* UITableViewCellProtocol.swift in Sources */,
				ECF78C481EEADFB800B7F824 /* SwitchTableViewCell.swift in Sources */,
				EC31BD3A1EE94FD4009F0CB1 /* BaseViewControllerProtocol.swift in Sources */,
				ECF78C541EEAE0B800B7F824 /* EventViewModelInfoItem.swift in Sources */,
				EC31BD1B1EE93D81009F0CB1 /* SignupViewController.swift in Sources */,
				ECF78C581EEAE15700B7F824 /* EventViewModelTitleItem.swift in Sources */,
				ECF78C461EEADFB800B7F824 /* KeyValueTableViewCell.swift in Sources */,
				EC31BD1C1EE93D81009F0CB1 /* SiginViewController.swift in Sources */,
				EC31BD321EE93EEB009F0CB1 /* UIStoryboard.swift in Sources */,
				EC5B81CE1EE7FE2300B29A5E /* MainTabsViewController.swift in Sources */,
				EC2F83601EE7A29A00A8D4F1 /* AppDelegate.swift in Sources */,
				EC31BD1D1EE93D81009F0CB1 /* ForgotPasswordViewController.swift in Sources */,
				D837A4421EEE8478005FD60F /* EventListViewController.swift in Sources */,
				EC31BD2D1EE93E5A009F0CB1 /* VaribleKeyConstant.swift in Sources */,
				EC5B81CB1EE7FDA700B29A5E /* EventsViewController.swift in Sources */,
				D837A43B1EEE7850005FD60F /* AppController.swift in Sources */,
				D85B12CF1EED3A5600355511 /* LoopDB.xcdatamodeld in Sources */,
				EC31BD371EE94E0E009F0CB1 /* LoopButton.swift in Sources */,
				D837A43E1EEE8348005FD60F /* MapViewController.swift in Sources */,
				ECF78C601EEAE1F200B7F824 /* PublicEventModel.swift in Sources */,
				EC31BD421EEA4328009F0CB1 /* LoopNavigationBar.swift in Sources */,
				ECF78C551EEAE0B800B7F824 /* EventViewModelItemType.swift in Sources */,
				ECF78C531EEAE0B800B7F824 /* EventViewModelDescriptionItem.swift in Sources */,
				EC31BD401EEA3BD1009F0CB1 /* SignupRootNavigationController.swift in Sources */,
				ECF78C561EEAE0B800B7F824 /* EventViewModelSettingItem.swift in Sources */,
				ECF78C4A1EEADFB800B7F824 /* TitleAndCameraTableViewCell.swift in Sources */,
				EC31BD1E1EE93D81009F0CB1 /* BaseRegisterViewViewController.swift in Sources */,
				EC31BD351EE94DF6009F0CB1 /* LoopTextField.swift in Sources */,
				D85B12D61EED51FD00355511 /* LoopDB.swift in Sources */,
			);
			runOnlyForDeploymentPostprocessing = 0;
		};
		EC2F836C1EE7A29A00A8D4F1 /* Sources */ = {
			isa = PBXSourcesBuildPhase;
			buildActionMask = 2147483647;
			files = (
				EC2F83751EE7A29A00A8D4F1 /* LoopTests.swift in Sources */,
			);
			runOnlyForDeploymentPostprocessing = 0;
		};
/* End PBXSourcesBuildPhase section */

/* Begin PBXTargetDependency section */
		EC2F83721EE7A29A00A8D4F1 /* PBXTargetDependency */ = {
			isa = PBXTargetDependency;
			target = EC2F835B1EE7A29A00A8D4F1 /* Loop */;
			targetProxy = EC2F83711EE7A29A00A8D4F1 /* PBXContainerItemProxy */;
		};
/* End PBXTargetDependency section */

/* Begin PBXVariantGroup section */
		EC2F83631EE7A29A00A8D4F1 /* Main.storyboard */ = {
			isa = PBXVariantGroup;
			children = (
				EC2F83641EE7A29A00A8D4F1 /* Base */,
			);
			name = Main.storyboard;
			sourceTree = "<group>";
		};
		EC2F83681EE7A29A00A8D4F1 /* LaunchScreen.storyboard */ = {
			isa = PBXVariantGroup;
			children = (
				EC2F83691EE7A29A00A8D4F1 /* Base */,
			);
			name = LaunchScreen.storyboard;
			sourceTree = "<group>";
		};
/* End PBXVariantGroup section */

/* Begin XCBuildConfiguration section */
		EC2F83771EE7A29A00A8D4F1 /* Debug */ = {
			isa = XCBuildConfiguration;
			buildSettings = {
				ALWAYS_SEARCH_USER_PATHS = NO;
				CLANG_ANALYZER_NONNULL = YES;
				CLANG_ANALYZER_NUMBER_OBJECT_CONVERSION = YES_AGGRESSIVE;
				CLANG_CXX_LANGUAGE_STANDARD = "gnu++0x";
				CLANG_CXX_LIBRARY = "libc++";
				CLANG_ENABLE_MODULES = YES;
				CLANG_ENABLE_OBJC_ARC = YES;
				CLANG_WARN_BOOL_CONVERSION = YES;
				CLANG_WARN_CONSTANT_CONVERSION = YES;
				CLANG_WARN_DIRECT_OBJC_ISA_USAGE = YES_ERROR;
				CLANG_WARN_DOCUMENTATION_COMMENTS = YES;
				CLANG_WARN_EMPTY_BODY = YES;
				CLANG_WARN_ENUM_CONVERSION = YES;
				CLANG_WARN_INFINITE_RECURSION = YES;
				CLANG_WARN_INT_CONVERSION = YES;
				CLANG_WARN_OBJC_ROOT_CLASS = YES_ERROR;
				CLANG_WARN_SUSPICIOUS_MOVE = YES;
				CLANG_WARN_UNREACHABLE_CODE = YES;
				CLANG_WARN__DUPLICATE_METHOD_MATCH = YES;
				"CODE_SIGN_IDENTITY[sdk=iphoneos*]" = "iPhone Developer";
				COPY_PHASE_STRIP = NO;
				DEBUG_INFORMATION_FORMAT = dwarf;
				ENABLE_STRICT_OBJC_MSGSEND = YES;
				ENABLE_TESTABILITY = YES;
				GCC_C_LANGUAGE_STANDARD = gnu99;
				GCC_DYNAMIC_NO_PIC = NO;
				GCC_NO_COMMON_BLOCKS = YES;
				GCC_OPTIMIZATION_LEVEL = 0;
				GCC_PREPROCESSOR_DEFINITIONS = (
					"DEBUG=1",
					"$(inherited)",
				);
				GCC_WARN_64_TO_32_BIT_CONVERSION = YES;
				GCC_WARN_ABOUT_RETURN_TYPE = YES_ERROR;
				GCC_WARN_UNDECLARED_SELECTOR = YES;
				GCC_WARN_UNINITIALIZED_AUTOS = YES_AGGRESSIVE;
				GCC_WARN_UNUSED_FUNCTION = YES;
				GCC_WARN_UNUSED_VARIABLE = YES;
				IPHONEOS_DEPLOYMENT_TARGET = 10.3;
				MTL_ENABLE_DEBUG_INFO = YES;
				ONLY_ACTIVE_ARCH = YES;
				SDKROOT = iphoneos;
				SWIFT_ACTIVE_COMPILATION_CONDITIONS = DEBUG;
				SWIFT_OPTIMIZATION_LEVEL = "-Onone";
				TARGETED_DEVICE_FAMILY = "1,2";
			};
			name = Debug;
		};
		EC2F83781EE7A29A00A8D4F1 /* Release */ = {
			isa = XCBuildConfiguration;
			buildSettings = {
				ALWAYS_SEARCH_USER_PATHS = NO;
				CLANG_ANALYZER_NONNULL = YES;
				CLANG_ANALYZER_NUMBER_OBJECT_CONVERSION = YES_AGGRESSIVE;
				CLANG_CXX_LANGUAGE_STANDARD = "gnu++0x";
				CLANG_CXX_LIBRARY = "libc++";
				CLANG_ENABLE_MODULES = YES;
				CLANG_ENABLE_OBJC_ARC = YES;
				CLANG_WARN_BOOL_CONVERSION = YES;
				CLANG_WARN_CONSTANT_CONVERSION = YES;
				CLANG_WARN_DIRECT_OBJC_ISA_USAGE = YES_ERROR;
				CLANG_WARN_DOCUMENTATION_COMMENTS = YES;
				CLANG_WARN_EMPTY_BODY = YES;
				CLANG_WARN_ENUM_CONVERSION = YES;
				CLANG_WARN_INFINITE_RECURSION = YES;
				CLANG_WARN_INT_CONVERSION = YES;
				CLANG_WARN_OBJC_ROOT_CLASS = YES_ERROR;
				CLANG_WARN_SUSPICIOUS_MOVE = YES;
				CLANG_WARN_UNREACHABLE_CODE = YES;
				CLANG_WARN__DUPLICATE_METHOD_MATCH = YES;
				"CODE_SIGN_IDENTITY[sdk=iphoneos*]" = "iPhone Developer";
				COPY_PHASE_STRIP = NO;
				DEBUG_INFORMATION_FORMAT = "dwarf-with-dsym";
				ENABLE_NS_ASSERTIONS = NO;
				ENABLE_STRICT_OBJC_MSGSEND = YES;
				GCC_C_LANGUAGE_STANDARD = gnu99;
				GCC_NO_COMMON_BLOCKS = YES;
				GCC_WARN_64_TO_32_BIT_CONVERSION = YES;
				GCC_WARN_ABOUT_RETURN_TYPE = YES_ERROR;
				GCC_WARN_UNDECLARED_SELECTOR = YES;
				GCC_WARN_UNINITIALIZED_AUTOS = YES_AGGRESSIVE;
				GCC_WARN_UNUSED_FUNCTION = YES;
				GCC_WARN_UNUSED_VARIABLE = YES;
				IPHONEOS_DEPLOYMENT_TARGET = 10.3;
				MTL_ENABLE_DEBUG_INFO = NO;
				SDKROOT = iphoneos;
				SWIFT_OPTIMIZATION_LEVEL = "-Owholemodule";
				TARGETED_DEVICE_FAMILY = "1,2";
				VALIDATE_PRODUCT = YES;
			};
			name = Release;
		};
		EC2F837A1EE7A29A00A8D4F1 /* Debug */ = {
			isa = XCBuildConfiguration;
			baseConfigurationReference = BA49648349788963533C48FC /* Pods-Loop.debug.xcconfig */;
			buildSettings = {
				ASSETCATALOG_COMPILER_APPICON_NAME = AppIcon;
				CODE_SIGN_ENTITLEMENTS = Loop/Loop.entitlements;
				DEVELOPMENT_TEAM = 7MD88PM2GZ;
				INFOPLIST_FILE = Loop/Info.plist;
				IPHONEOS_DEPLOYMENT_TARGET = 9.0;
				LD_RUNPATH_SEARCH_PATHS = "$(inherited) @executable_path/Frameworks";
				PRODUCT_BUNDLE_IDENTIFIER = com.twincorp.loop;
				PRODUCT_NAME = "$(TARGET_NAME)";
				SWIFT_VERSION = 3.0;
			};
			name = Debug;
		};
		EC2F837B1EE7A29A00A8D4F1 /* Release */ = {
			isa = XCBuildConfiguration;
			baseConfigurationReference = 099A98A59A0C3912F21D476D /* Pods-Loop.release.xcconfig */;
			buildSettings = {
				ASSETCATALOG_COMPILER_APPICON_NAME = AppIcon;
				CODE_SIGN_ENTITLEMENTS = Loop/Loop.entitlements;
				DEVELOPMENT_TEAM = 7MD88PM2GZ;
				INFOPLIST_FILE = Loop/Info.plist;
				IPHONEOS_DEPLOYMENT_TARGET = 9.0;
				LD_RUNPATH_SEARCH_PATHS = "$(inherited) @executable_path/Frameworks";
				PRODUCT_BUNDLE_IDENTIFIER = com.twincorp.loop;
				PRODUCT_NAME = "$(TARGET_NAME)";
				SWIFT_VERSION = 3.0;
			};
			name = Release;
		};
		EC2F837D1EE7A29A00A8D4F1 /* Debug */ = {
			isa = XCBuildConfiguration;
			buildSettings = {
				ALWAYS_EMBED_SWIFT_STANDARD_LIBRARIES = YES;
				BUNDLE_LOADER = "$(TEST_HOST)";
				INFOPLIST_FILE = LoopTests/Info.plist;
				LD_RUNPATH_SEARCH_PATHS = "$(inherited) @executable_path/Frameworks @loader_path/Frameworks";
				PRODUCT_BUNDLE_IDENTIFIER = tanvu.LoopTests;
				PRODUCT_NAME = "$(TARGET_NAME)";
				SWIFT_VERSION = 3.0;
				TEST_HOST = "$(BUILT_PRODUCTS_DIR)/Loop.app/Loop";
			};
			name = Debug;
		};
		EC2F837E1EE7A29A00A8D4F1 /* Release */ = {
			isa = XCBuildConfiguration;
			buildSettings = {
				ALWAYS_EMBED_SWIFT_STANDARD_LIBRARIES = YES;
				BUNDLE_LOADER = "$(TEST_HOST)";
				INFOPLIST_FILE = LoopTests/Info.plist;
				LD_RUNPATH_SEARCH_PATHS = "$(inherited) @executable_path/Frameworks @loader_path/Frameworks";
				PRODUCT_BUNDLE_IDENTIFIER = tanvu.LoopTests;
				PRODUCT_NAME = "$(TARGET_NAME)";
				SWIFT_VERSION = 3.0;
				TEST_HOST = "$(BUILT_PRODUCTS_DIR)/Loop.app/Loop";
			};
			name = Release;
		};
/* End XCBuildConfiguration section */

/* Begin XCConfigurationList section */
		EC2F83571EE7A29A00A8D4F1 /* Build configuration list for PBXProject "Loop" */ = {
			isa = XCConfigurationList;
			buildConfigurations = (
				EC2F83771EE7A29A00A8D4F1 /* Debug */,
				EC2F83781EE7A29A00A8D4F1 /* Release */,
			);
			defaultConfigurationIsVisible = 0;
			defaultConfigurationName = Release;
		};
		EC2F83791EE7A29A00A8D4F1 /* Build configuration list for PBXNativeTarget "Loop" */ = {
			isa = XCConfigurationList;
			buildConfigurations = (
				EC2F837A1EE7A29A00A8D4F1 /* Debug */,
				EC2F837B1EE7A29A00A8D4F1 /* Release */,
			);
			defaultConfigurationIsVisible = 0;
			defaultConfigurationName = Release;
		};
		EC2F837C1EE7A29A00A8D4F1 /* Build configuration list for PBXNativeTarget "LoopTests" */ = {
			isa = XCConfigurationList;
			buildConfigurations = (
				EC2F837D1EE7A29A00A8D4F1 /* Debug */,
				EC2F837E1EE7A29A00A8D4F1 /* Release */,
			);
			defaultConfigurationIsVisible = 0;
			defaultConfigurationName = Release;
		};
/* End XCConfigurationList section */

/* Begin XCVersionGroup section */
		D85B12CD1EED3A5600355511 /* LoopDB.xcdatamodeld */ = {
			isa = XCVersionGroup;
			children = (
				D85B12CE1EED3A5600355511 /* LoopDB.xcdatamodel */,
			);
			currentVersion = D85B12CE1EED3A5600355511 /* LoopDB.xcdatamodel */;
			path = LoopDB.xcdatamodeld;
			sourceTree = "<group>";
			versionGroupType = wrapper.xcdatamodel;
		};
/* End XCVersionGroup section */
	};
	rootObject = EC2F83541EE7A29A00A8D4F1 /* Project object */;
}
